// !$*UTF8*$!
{
	archiveVersion = 1;
	classes = {
	};
	objectVersion = 50;
	objects = {

/* Begin PBXBuildFile section */
		0D7D8DBB23662DA100341F3A /* AppDelegate.swift in Sources */ = {isa = PBXBuildFile; fileRef = 0D7D8DBA23662DA100341F3A /* AppDelegate.swift */; };
		0D7D8DC123662DA100341F3A /* GameScene.swift in Sources */ = {isa = PBXBuildFile; fileRef = 0D7D8DC023662DA100341F3A /* GameScene.swift */; };
		0D7D8DC323662DA100341F3A /* GameViewController.swift in Sources */ = {isa = PBXBuildFile; fileRef = 0D7D8DC223662DA100341F3A /* GameViewController.swift */; };
		0D7D8DC623662DA100341F3A /* Main.storyboard in Resources */ = {isa = PBXBuildFile; fileRef = 0D7D8DC423662DA100341F3A /* Main.storyboard */; };
		0D7D8DC823662DA300341F3A /* Assets.xcassets in Resources */ = {isa = PBXBuildFile; fileRef = 0D7D8DC723662DA300341F3A /* Assets.xcassets */; };
		0D7D8DCB23662DA300341F3A /* LaunchScreen.storyboard in Resources */ = {isa = PBXBuildFile; fileRef = 0D7D8DC923662DA300341F3A /* LaunchScreen.storyboard */; };
		0D7D8DD82366360C00341F3A /* SoccerBall.png in Resources */ = {isa = PBXBuildFile; fileRef = 0D7D8DD72366360C00341F3A /* SoccerBall.png */; };
		0D7D8DDB23663A7800341F3A /* Settings.swift in Sources */ = {isa = PBXBuildFile; fileRef = 0D7D8DDA23663A7800341F3A /* Settings.swift */; };
		0D7D8DDD236641C700341F3A /* HomeViewController.swift in Sources */ = {isa = PBXBuildFile; fileRef = 0D7D8DDC236641C700341F3A /* HomeViewController.swift */; };
		0D7D8DE523688D1F00341F3A /* Table.png in Resources */ = {isa = PBXBuildFile; fileRef = 0D7D8DE423688D1F00341F3A /* Table.png */; };
		0D7D8DE723688D8800341F3A /* Player1.png in Resources */ = {isa = PBXBuildFile; fileRef = 0D7D8DE623688D8800341F3A /* Player1.png */; };
		0D7D8DE923688DA300341F3A /* PlayGame.png in Resources */ = {isa = PBXBuildFile; fileRef = 0D7D8DE823688DA300341F3A /* PlayGame.png */; };
		0D7D8DEB2368916200341F3A /* Highscore.png in Resources */ = {isa = PBXBuildFile; fileRef = 0D7D8DEA2368916200341F3A /* Highscore.png */; };
		0DDF3BAD236C730100B3B429 /* Player.swift in Sources */ = {isa = PBXBuildFile; fileRef = 0DDF3BAC236C730100B3B429 /* Player.swift */; };
		0DDF3BAF236C731400B3B429 /* Field.swift in Sources */ = {isa = PBXBuildFile; fileRef = 0DDF3BAE236C731400B3B429 /* Field.swift */; };
/* End PBXBuildFile section */

/* Begin PBXFileReference section */
		0D7D8DB723662DA100341F3A /* NoodleJump.app */ = {isa = PBXFileReference; explicitFileType = wrapper.application; includeInIndex = 0; path = NoodleJump.app; sourceTree = BUILT_PRODUCTS_DIR; };
		0D7D8DBA23662DA100341F3A /* AppDelegate.swift */ = {isa = PBXFileReference; lastKnownFileType = sourcecode.swift; name = AppDelegate.swift; path = ../AppDelegate.swift; sourceTree = "<group>"; };
		0D7D8DC023662DA100341F3A /* GameScene.swift */ = {isa = PBXFileReference; lastKnownFileType = sourcecode.swift; name = GameScene.swift; path = ../GameScene.swift; sourceTree = "<group>"; };
		0D7D8DC223662DA100341F3A /* GameViewController.swift */ = {isa = PBXFileReference; lastKnownFileType = sourcecode.swift; name = GameViewController.swift; path = ../GameViewController.swift; sourceTree = "<group>"; };
		0D7D8DC523662DA100341F3A /* Base */ = {isa = PBXFileReference; lastKnownFileType = file.storyboard; name = Base; path = Base.lproj/Main.storyboard; sourceTree = "<group>"; };
		0D7D8DC723662DA300341F3A /* Assets.xcassets */ = {isa = PBXFileReference; lastKnownFileType = folder.assetcatalog; path = Assets.xcassets; sourceTree = "<group>"; };
		0D7D8DCA23662DA300341F3A /* Base */ = {isa = PBXFileReference; lastKnownFileType = file.storyboard; name = Base; path = Base.lproj/LaunchScreen.storyboard; sourceTree = "<group>"; };
		0D7D8DCC23662DA300341F3A /* Info.plist */ = {isa = PBXFileReference; lastKnownFileType = text.plist.xml; path = Info.plist; sourceTree = "<group>"; };
		0D7D8DD72366360C00341F3A /* SoccerBall.png */ = {isa = PBXFileReference; lastKnownFileType = image.png; name = SoccerBall.png; path = ../../../../../Downloads/SoccerBall.png; sourceTree = "<group>"; };
		0D7D8DDA23663A7800341F3A /* Settings.swift */ = {isa = PBXFileReference; lastKnownFileType = sourcecode.swift; path = Settings.swift; sourceTree = "<group>"; };
		0D7D8DDC236641C700341F3A /* HomeViewController.swift */ = {isa = PBXFileReference; lastKnownFileType = sourcecode.swift; path = HomeViewController.swift; sourceTree = "<group>"; };
		0D7D8DE423688D1F00341F3A /* Table.png */ = {isa = PBXFileReference; lastKnownFileType = image.png; name = Table.png; path = "../../../Sprites/Pirate Bomb/Sprites/7-Objects/12-Other Objects/Table.png"; sourceTree = "<group>"; };
		0D7D8DE623688D8800341F3A /* Player1.png */ = {isa = PBXFileReference; lastKnownFileType = image.png; name = Player1.png; path = "../../../Sprites/Pirate Bomb/Sprites/1-Player-Bomb Guy/1-Idle/Player1.png"; sourceTree = "<group>"; };
		0D7D8DE823688DA300341F3A /* PlayGame.png */ = {isa = PBXFileReference; lastKnownFileType = image.png; name = PlayGame.png; path = ../../../Sprites/PlayGame.png; sourceTree = "<group>"; };
		0D7D8DEA2368916200341F3A /* Highscore.png */ = {isa = PBXFileReference; lastKnownFileType = image.png; name = Highscore.png; path = ../../../Sprites/Highscore.png; sourceTree = "<group>"; };
		0DDF3BAC236C730100B3B429 /* Player.swift */ = {isa = PBXFileReference; lastKnownFileType = sourcecode.swift; path = Player.swift; sourceTree = "<group>"; };
		0DDF3BAE236C731400B3B429 /* Field.swift */ = {isa = PBXFileReference; lastKnownFileType = sourcecode.swift; path = Field.swift; sourceTree = "<group>"; };
/* End PBXFileReference section */

/* Begin PBXFrameworksBuildPhase section */
		0D7D8DB423662DA100341F3A /* Frameworks */ = {
			isa = PBXFrameworksBuildPhase;
			buildActionMask = 2147483647;
			files = (
			);
			runOnlyForDeploymentPostprocessing = 0;
		};
/* End PBXFrameworksBuildPhase section */

/* Begin PBXGroup section */
		0D7D8DAE23662DA100341F3A = {
			isa = PBXGroup;
			children = (
				0D7D8DB923662DA100341F3A /* NoodleJump */,
				0D7D8DB823662DA100341F3A /* Products */,
			);
			sourceTree = "<group>";
		};
		0D7D8DB823662DA100341F3A /* Products */ = {
			isa = PBXGroup;
			children = (
				0D7D8DB723662DA100341F3A /* NoodleJump.app */,
			);
			name = Products;
			sourceTree = "<group>";
		};
		0D7D8DB923662DA100341F3A /* NoodleJump */ = {
			isa = PBXGroup;
			children = (
				0D7D8DEA2368916200341F3A /* Highscore.png */,
				0D7D8DE823688DA300341F3A /* PlayGame.png */,
				0D7D8DE623688D8800341F3A /* Player1.png */,
				0D7D8DE423688D1F00341F3A /* Table.png */,
				0D7D8DC423662DA100341F3A /* Main.storyboard */,
				0D7D8DC723662DA300341F3A /* Assets.xcassets */,
				0D7D8DC923662DA300341F3A /* LaunchScreen.storyboard */,
				0D7D8DCC23662DA300341F3A /* Info.plist */,
				0D7D8DD62366345A00341F3A /* Assets */,
				0D7D8DD52366336B00341F3A /* Template */,
				0D7D8DD42366335200341F3A /* Models */,
				0D7D8DD32366332800341F3A /* Scenes */,
				0D7D8DD22366327300341F3A /* ViewController */,
			);
			path = NoodleJump;
			sourceTree = "<group>";
		};
		0D7D8DD22366327300341F3A /* ViewController */ = {
			isa = PBXGroup;
			children = (
				0D7D8DC223662DA100341F3A /* GameViewController.swift */,
				0D7D8DDC236641C700341F3A /* HomeViewController.swift */,
			);
			path = ViewController;
			sourceTree = "<group>";
		};
		0D7D8DD32366332800341F3A /* Scenes */ = {
			isa = PBXGroup;
			children = (
				0D7D8DC023662DA100341F3A /* GameScene.swift */,
			);
			path = Scenes;
			sourceTree = "<group>";
		};
		0D7D8DD42366335200341F3A /* Models */ = {
			isa = PBXGroup;
			children = (
				0DDF3BAC236C730100B3B429 /* Player.swift */,
				0DDF3BAE236C731400B3B429 /* Field.swift */,
			);
			path = Models;
			sourceTree = "<group>";
		};
		0D7D8DD52366336B00341F3A /* Template */ = {
			isa = PBXGroup;
			children = (
				0D7D8DBA23662DA100341F3A /* AppDelegate.swift */,
				0D7D8DDA23663A7800341F3A /* Settings.swift */,
			);
			path = Template;
			sourceTree = "<group>";
		};
		0D7D8DD62366345A00341F3A /* Assets */ = {
			isa = PBXGroup;
			children = (
				0D7D8DD72366360C00341F3A /* SoccerBall.png */,
			);
			path = Assets;
			sourceTree = "<group>";
		};
/* End PBXGroup section */

/* Begin PBXNativeTarget section */
		0D7D8DB623662DA100341F3A /* NoodleJump */ = {
			isa = PBXNativeTarget;
			buildConfigurationList = 0D7D8DCF23662DA300341F3A /* Build configuration list for PBXNativeTarget "NoodleJump" */;
			buildPhases = (
				0D7D8DB323662DA100341F3A /* Sources */,
				0D7D8DB423662DA100341F3A /* Frameworks */,
				0D7D8DB523662DA100341F3A /* Resources */,
			);
			buildRules = (
			);
			dependencies = (
			);
			name = NoodleJump;
			productName = NoodleJump;
			productReference = 0D7D8DB723662DA100341F3A /* NoodleJump.app */;
			productType = "com.apple.product-type.application";
		};
/* End PBXNativeTarget section */

/* Begin PBXProject section */
		0D7D8DAF23662DA100341F3A /* Project object */ = {
			isa = PBXProject;
			attributes = {
				LastSwiftUpdateCheck = 1110;
				LastUpgradeCheck = 1110;
				ORGANIZATIONNAME = Mia;
				TargetAttributes = {
					0D7D8DB623662DA100341F3A = {
						CreatedOnToolsVersion = 11.1;
					};
				};
			};
			buildConfigurationList = 0D7D8DB223662DA100341F3A /* Build configuration list for PBXProject "NoodleJump" */;
			compatibilityVersion = "Xcode 9.3";
			developmentRegion = en;
			hasScannedForEncodings = 0;
			knownRegions = (
				en,
				Base,
			);
			mainGroup = 0D7D8DAE23662DA100341F3A;
			productRefGroup = 0D7D8DB823662DA100341F3A /* Products */;
			projectDirPath = "";
			projectRoot = "";
			targets = (
				0D7D8DB623662DA100341F3A /* NoodleJump */,
			);
		};
/* End PBXProject section */

/* Begin PBXResourcesBuildPhase section */
		0D7D8DB523662DA100341F3A /* Resources */ = {
			isa = PBXResourcesBuildPhase;
			buildActionMask = 2147483647;
			files = (
				0D7D8DE723688D8800341F3A /* Player1.png in Resources */,
				0D7D8DC623662DA100341F3A /* Main.storyboard in Resources */,
				0D7D8DC823662DA300341F3A /* Assets.xcassets in Resources */,
				0D7D8DE523688D1F00341F3A /* Table.png in Resources */,
				0D7D8DEB2368916200341F3A /* Highscore.png in Resources */,
				0D7D8DCB23662DA300341F3A /* LaunchScreen.storyboard in Resources */,
				0D7D8DD82366360C00341F3A /* SoccerBall.png in Resources */,
				0D7D8DE923688DA300341F3A /* PlayGame.png in Resources */,
			);
			runOnlyForDeploymentPostprocessing = 0;
		};
/* End PBXResourcesBuildPhase section */

/* Begin PBXSourcesBuildPhase section */
		0D7D8DB323662DA100341F3A /* Sources */ = {
			isa = PBXSourcesBuildPhase;
			buildActionMask = 2147483647;
			files = (
				0D7D8DDD236641C700341F3A /* HomeViewController.swift in Sources */,
				0D7D8DC123662DA100341F3A /* GameScene.swift in Sources */,
				0D7D8DC323662DA100341F3A /* GameViewController.swift in Sources */,
				0D7D8DDB23663A7800341F3A /* Settings.swift in Sources */,
				0DDF3BAD236C730100B3B429 /* Player.swift in Sources */,
				0DDF3BAF236C731400B3B429 /* Field.swift in Sources */,
				0D7D8DBB23662DA100341F3A /* AppDelegate.swift in Sources */,
			);
			runOnlyForDeploymentPostprocessing = 0;
		};
/* End PBXSourcesBuildPhase section */

/* Begin PBXVariantGroup section */
		0D7D8DC423662DA100341F3A /* Main.storyboard */ = {
			isa = PBXVariantGroup;
			children = (
				0D7D8DC523662DA100341F3A /* Base */,
			);
			name = Main.storyboard;
			sourceTree = "<group>";
		};
		0D7D8DC923662DA300341F3A /* LaunchScreen.storyboard */ = {
			isa = PBXVariantGroup;
			children = (
				0D7D8DCA23662DA300341F3A /* Base */,
			);
			name = LaunchScreen.storyboard;
			sourceTree = "<group>";
		};
/* End PBXVariantGroup section */

/* Begin XCBuildConfiguration section */
		0D7D8DCD23662DA300341F3A /* Debug */ = {
			isa = XCBuildConfiguration;
			buildSettings = {
				ALWAYS_SEARCH_USER_PATHS = NO;
				CLANG_ANALYZER_NONNULL = YES;
				CLANG_ANALYZER_NUMBER_OBJECT_CONVERSION = YES_AGGRESSIVE;
				CLANG_CXX_LANGUAGE_STANDARD = "gnu++14";
				CLANG_CXX_LIBRARY = "libc++";
				CLANG_ENABLE_MODULES = YES;
				CLANG_ENABLE_OBJC_ARC = YES;
				CLANG_ENABLE_OBJC_WEAK = YES;
				CLANG_WARN_BLOCK_CAPTURE_AUTORELEASING = YES;
				CLANG_WARN_BOOL_CONVERSION = YES;
				CLANG_WARN_COMMA = YES;
				CLANG_WARN_CONSTANT_CONVERSION = YES;
				CLANG_WARN_DEPRECATED_OBJC_IMPLEMENTATIONS = YES;
				CLANG_WARN_DIRECT_OBJC_ISA_USAGE = YES_ERROR;
				CLANG_WARN_DOCUMENTATION_COMMENTS = YES;
				CLANG_WARN_EMPTY_BODY = YES;
				CLANG_WARN_ENUM_CONVERSION = YES;
				CLANG_WARN_INFINITE_RECURSION = YES;
				CLANG_WARN_INT_CONVERSION = YES;
				CLANG_WARN_NON_LITERAL_NULL_CONVERSION = YES;
				CLANG_WARN_OBJC_IMPLICIT_RETAIN_SELF = YES;
				CLANG_WARN_OBJC_LITERAL_CONVERSION = YES;
				CLANG_WARN_OBJC_ROOT_CLASS = YES_ERROR;
				CLANG_WARN_RANGE_LOOP_ANALYSIS = YES;
				CLANG_WARN_STRICT_PROTOTYPES = YES;
				CLANG_WARN_SUSPICIOUS_MOVE = YES;
				CLANG_WARN_UNGUARDED_AVAILABILITY = YES_AGGRESSIVE;
				CLANG_WARN_UNREACHABLE_CODE = YES;
				CLANG_WARN__DUPLICATE_METHOD_MATCH = YES;
				COPY_PHASE_STRIP = NO;
				DEBUG_INFORMATION_FORMAT = dwarf;
				ENABLE_STRICT_OBJC_MSGSEND = YES;
				ENABLE_TESTABILITY = YES;
				GCC_C_LANGUAGE_STANDARD = gnu11;
				GCC_DYNAMIC_NO_PIC = NO;
				GCC_NO_COMMON_BLOCKS = YES;
				GCC_OPTIMIZATION_LEVEL = 0;
				GCC_PREPROCESSOR_DEFINITIONS = (
					"DEBUG=1",
					"$(inherited)",
				);
				GCC_WARN_64_TO_32_BIT_CONVERSION = YES;
				GCC_WARN_ABOUT_RETURN_TYPE = YES_ERROR;
				GCC_WARN_UNDECLARED_SELECTOR = YES;
				GCC_WARN_UNINITIALIZED_AUTOS = YES_AGGRESSIVE;
				GCC_WARN_UNUSED_FUNCTION = YES;
				GCC_WARN_UNUSED_VARIABLE = YES;
				IPHONEOS_DEPLOYMENT_TARGET = 13.1;
				MTL_ENABLE_DEBUG_INFO = INCLUDE_SOURCE;
				MTL_FAST_MATH = YES;
				ONLY_ACTIVE_ARCH = YES;
				SDKROOT = iphoneos;
				SWIFT_ACTIVE_COMPILATION_CONDITIONS = DEBUG;
				SWIFT_OPTIMIZATION_LEVEL = "-Onone";
			};
			name = Debug;
		};
		0D7D8DCE23662DA300341F3A /* Release */ = {
			isa = XCBuildConfiguration;
			buildSettings = {
				ALWAYS_SEARCH_USER_PATHS = NO;
				CLANG_ANALYZER_NONNULL = YES;
				CLANG_ANALYZER_NUMBER_OBJECT_CONVERSION = YES_AGGRESSIVE;
				CLANG_CXX_LANGUAGE_STANDARD = "gnu++14";
				CLANG_CXX_LIBRARY = "libc++";
				CLANG_ENABLE_MODULES = YES;
				CLANG_ENABLE_OBJC_ARC = YES;
				CLANG_ENABLE_OBJC_WEAK = YES;
				CLANG_WARN_BLOCK_CAPTURE_AUTORELEASING = YES;
				CLANG_WARN_BOOL_CONVERSION = YES;
				CLANG_WARN_COMMA = YES;
				CLANG_WARN_CONSTANT_CONVERSION = YES;
				CLANG_WARN_DEPRECATED_OBJC_IMPLEMENTATIONS = YES;
				CLANG_WARN_DIRECT_OBJC_ISA_USAGE = YES_ERROR;
				CLANG_WARN_DOCUMENTATION_COMMENTS = YES;
				CLANG_WARN_EMPTY_BODY = YES;
				CLANG_WARN_ENUM_CONVERSION = YES;
				CLANG_WARN_INFINITE_RECURSION = YES;
				CLANG_WARN_INT_CONVERSION = YES;
				CLANG_WARN_NON_LITERAL_NULL_CONVERSION = YES;
				CLANG_WARN_OBJC_IMPLICIT_RETAIN_SELF = YES;
				CLANG_WARN_OBJC_LITERAL_CONVERSION = YES;
				CLANG_WARN_OBJC_ROOT_CLASS = YES_ERROR;
				CLANG_WARN_RANGE_LOOP_ANALYSIS = YES;
				CLANG_WARN_STRICT_PROTOTYPES = YES;
				CLANG_WARN_SUSPICIOUS_MOVE = YES;
				CLANG_WARN_UNGUARDED_AVAILABILITY = YES_AGGRESSIVE;
				CLANG_WARN_UNREACHABLE_CODE = YES;
				CLANG_WARN__DUPLICATE_METHOD_MATCH = YES;
				COPY_PHASE_STRIP = NO;
				DEBUG_INFORMATION_FORMAT = "dwarf-with-dsym";
				ENABLE_NS_ASSERTIONS = NO;
				ENABLE_STRICT_OBJC_MSGSEND = YES;
				GCC_C_LANGUAGE_STANDARD = gnu11;
				GCC_NO_COMMON_BLOCKS = YES;
				GCC_WARN_64_TO_32_BIT_CONVERSION = YES;
				GCC_WARN_ABOUT_RETURN_TYPE = YES_ERROR;
				GCC_WARN_UNDECLARED_SELECTOR = YES;
				GCC_WARN_UNINITIALIZED_AUTOS = YES_AGGRESSIVE;
				GCC_WARN_UNUSED_FUNCTION = YES;
				GCC_WARN_UNUSED_VARIABLE = YES;
				IPHONEOS_DEPLOYMENT_TARGET = 13.1;
				MTL_ENABLE_DEBUG_INFO = NO;
				MTL_FAST_MATH = YES;
				SDKROOT = iphoneos;
				SWIFT_COMPILATION_MODE = wholemodule;
				SWIFT_OPTIMIZATION_LEVEL = "-O";
				VALIDATE_PRODUCT = YES;
			};
			name = Release;
		};
		0D7D8DD023662DA300341F3A /* Debug */ = {
			isa = XCBuildConfiguration;
			buildSettings = {
				ASSETCATALOG_COMPILER_APPICON_NAME = AppIcon;
				CODE_SIGN_STYLE = Automatic;
				DEVELOPMENT_TEAM = M6ZZ9QRNQK;
				INFOPLIST_FILE = NoodleJump/Info.plist;
				LD_RUNPATH_SEARCH_PATHS = (
					"$(inherited)",
					"@executable_path/Frameworks",
				);
				PRODUCT_BUNDLE_IDENTIFIER = test.NoodleJump;
				PRODUCT_NAME = "$(TARGET_NAME)";
				SWIFT_VERSION = 5.0;
				TARGETED_DEVICE_FAMILY = "1,2";
			};
			name = Debug;
		};
		0D7D8DD123662DA300341F3A /* Release */ = {
			isa = XCBuildConfiguration;
			buildSettings = {
				ASSETCATALOG_COMPILER_APPICON_NAME = AppIcon;
				CODE_SIGN_STYLE = Automatic;
				DEVELOPMENT_TEAM = M6ZZ9QRNQK;
				INFOPLIST_FILE = NoodleJump/Info.plist;
				LD_RUNPATH_SEARCH_PATHS = (
					"$(inherited)",
					"@executable_path/Frameworks",
				);
				PRODUCT_BUNDLE_IDENTIFIER = test.NoodleJump;
				PRODUCT_NAME = "$(TARGET_NAME)";
				SWIFT_VERSION = 5.0;
				TARGETED_DEVICE_FAMILY = "1,2";
			};
			name = Release;
		};
/* End XCBuildConfiguration section */

/* Begin XCConfigurationList section */
		0D7D8DB223662DA100341F3A /* Build configuration list for PBXProject "NoodleJump" */ = {
			isa = XCConfigurationList;
			buildConfigurations = (
				0D7D8DCD23662DA300341F3A /* Debug */,
				0D7D8DCE23662DA300341F3A /* Release */,
			);
			defaultConfigurationIsVisible = 0;
			defaultConfigurationName = Release;
		};
		0D7D8DCF23662DA300341F3A /* Build configuration list for PBXNativeTarget "NoodleJump" */ = {
			isa = XCConfigurationList;
			buildConfigurations = (
				0D7D8DD023662DA300341F3A /* Debug */,
				0D7D8DD123662DA300341F3A /* Release */,
			);
			defaultConfigurationIsVisible = 0;
			defaultConfigurationName = Release;
		};
/* End XCConfigurationList section */
	};
	rootObject = 0D7D8DAF23662DA100341F3A /* Project object */;
}
